// !$*UTF8*$!
{
	archiveVersion = 1;
	classes = {
	};
	objectVersion = 46;
	objects = {

/* Begin PBXBuildFile section */
		F0C51E231E938B4A00922DE9 /* AppDelegate.swift in Sources */ = {isa = PBXBuildFile; fileRef = F0C51E221E938B4A00922DE9 /* AppDelegate.swift */; };
		F0C51E251E938B4A00922DE9 /* ViewController.swift in Sources */ = {isa = PBXBuildFile; fileRef = F0C51E241E938B4A00922DE9 /* ViewController.swift */; };
		F0C51E281E938B4A00922DE9 /* Main.storyboard in Resources */ = {isa = PBXBuildFile; fileRef = F0C51E261E938B4A00922DE9 /* Main.storyboard */; };
		F0C51E2A1E938B4A00922DE9 /* Assets.xcassets in Resources */ = {isa = PBXBuildFile; fileRef = F0C51E291E938B4A00922DE9 /* Assets.xcassets */; };
		F0C51E2D1E938B4A00922DE9 /* LaunchScreen.storyboard in Resources */ = {isa = PBXBuildFile; fileRef = F0C51E2B1E938B4A00922DE9 /* LaunchScreen.storyboard */; };
		F0C51E381E938B4A00922DE9 /* UnitTestDemoTests.swift in Sources */ = {isa = PBXBuildFile; fileRef = F0C51E371E938B4A00922DE9 /* UnitTestDemoTests.swift */; };
/* End PBXBuildFile section */

/* Begin PBXContainerItemProxy section */
		F0C51E341E938B4A00922DE9 /* PBXContainerItemProxy */ = {
			isa = PBXContainerItemProxy;
			containerPortal = F0C51E171E938B4900922DE9 /* Project object */;
			proxyType = 1;
			remoteGlobalIDString = F0C51E1E1E938B4900922DE9;
			remoteInfo = UnitTestDemo;
		};
/* End PBXContainerItemProxy section */

/* Begin PBXFileReference section */
		F0C51E1F1E938B4A00922DE9 /* UnitTestDemo.app */ = {isa = PBXFileReference; explicitFileType = wrapper.application; includeInIndex = 0; path = UnitTestDemo.app; sourceTree = BUILT_PRODUCTS_DIR; };
		F0C51E221E938B4A00922DE9 /* AppDelegate.swift */ = {isa = PBXFileReference; lastKnownFileType = sourcecode.swift; path = AppDelegate.swift; sourceTree = "<group>"; };
		F0C51E241E938B4A00922DE9 /* ViewController.swift */ = {isa = PBXFileReference; lastKnownFileType = sourcecode.swift; path = ViewController.swift; sourceTree = "<group>"; };
		F0C51E271E938B4A00922DE9 /* Base */ = {isa = PBXFileReference; lastKnownFileType = file.storyboard; name = Base; path = Base.lproj/Main.storyboard; sourceTree = "<group>"; };
		F0C51E291E938B4A00922DE9 /* Assets.xcassets */ = {isa = PBXFileReference; lastKnownFileType = folder.assetcatalog; path = Assets.xcassets; sourceTree = "<group>"; };
		F0C51E2C1E938B4A00922DE9 /* Base */ = {isa = PBXFileReference; lastKnownFileType = file.storyboard; name = Base; path = Base.lproj/LaunchScreen.storyboard; sourceTree = "<group>"; };
		F0C51E2E1E938B4A00922DE9 /* Info.plist */ = {isa = PBXFileReference; lastKnownFileType = text.plist.xml; path = Info.plist; sourceTree = "<group>"; };
		F0C51E331E938B4A00922DE9 /* UnitTestDemoTests.xctest */ = {isa = PBXFileReference; explicitFileType = wrapper.cfbundle; includeInIndex = 0; path = UnitTestDemoTests.xctest; sourceTree = BUILT_PRODUCTS_DIR; };
		F0C51E371E938B4A00922DE9 /* UnitTestDemoTests.swift */ = {isa = PBXFileReference; lastKnownFileType = sourcecode.swift; path = UnitTestDemoTests.swift; sourceTree = "<group>"; };
		F0C51E391E938B4A00922DE9 /* Info.plist */ = {isa = PBXFileReference; lastKnownFileType = text.plist.xml; path = Info.plist; sourceTree = "<group>"; };
/* End PBXFileReference section */

/* Begin PBXFrameworksBuildPhase section */
		F0C51E1C1E938B4900922DE9 /* Frameworks */ = {
			isa = PBXFrameworksBuildPhase;
			buildActionMask = 2147483647;
			files = (
			);
			runOnlyForDeploymentPostprocessing = 0;
		};
		F0C51E301E938B4A00922DE9 /* Frameworks */ = {
			isa = PBXFrameworksBuildPhase;
			buildActionMask = 2147483647;
			files = (
			);
			runOnlyForDeploymentPostprocessing = 0;
		};
/* End PBXFrameworksBuildPhase section */

/* Begin PBXGroup section */
		F0C51E161E938B4900922DE9 = {
			isa = PBXGroup;
			children = (
				F0C51E211E938B4A00922DE9 /* UnitTestDemo */,
				F0C51E361E938B4A00922DE9 /* UnitTestDemoTests */,
				F0C51E201E938B4A00922DE9 /* Products */,
			);
			sourceTree = "<group>";
		};
		F0C51E201E938B4A00922DE9 /* Products */ = {
			isa = PBXGroup;
			children = (
				F0C51E1F1E938B4A00922DE9 /* UnitTestDemo.app */,
				F0C51E331E938B4A00922DE9 /* UnitTestDemoTests.xctest */,
			);
			name = Products;
			sourceTree = "<group>";
		};
		F0C51E211E938B4A00922DE9 /* UnitTestDemo */ = {
			isa = PBXGroup;
			children = (
				F0C51E221E938B4A00922DE9 /* AppDelegate.swift */,
				F0C51E241E938B4A00922DE9 /* ViewController.swift */,
				F0C51E261E938B4A00922DE9 /* Main.storyboard */,
				F0C51E291E938B4A00922DE9 /* Assets.xcassets */,
				F0C51E2B1E938B4A00922DE9 /* LaunchScreen.storyboard */,
				F0C51E2E1E938B4A00922DE9 /* Info.plist */,
			);
			path = UnitTestDemo;
			sourceTree = "<group>";
		};
		F0C51E361E938B4A00922DE9 /* UnitTestDemoTests */ = {
			isa = PBXGroup;
			children = (
				F0C51E371E938B4A00922DE9 /* UnitTestDemoTests.swift */,
				F0C51E391E938B4A00922DE9 /* Info.plist */,
			);
			path = UnitTestDemoTests;
			sourceTree = "<group>";
		};
/* End PBXGroup section */

/* Begin PBXNativeTarget section */
		F0C51E1E1E938B4900922DE9 /* UnitTestDemo */ = {
			isa = PBXNativeTarget;
			buildConfigurationList = F0C51E3C1E938B4A00922DE9 /* Build configuration list for PBXNativeTarget "UnitTestDemo" */;
			buildPhases = (
				F0C51E1B1E938B4900922DE9 /* Sources */,
				F0C51E1C1E938B4900922DE9 /* Frameworks */,
				F0C51E1D1E938B4900922DE9 /* Resources */,
			);
			buildRules = (
			);
			dependencies = (
			);
			name = UnitTestDemo;
			productName = UnitTestDemo;
			productReference = F0C51E1F1E938B4A00922DE9 /* UnitTestDemo.app */;
			productType = "com.apple.product-type.application";
		};
		F0C51E321E938B4A00922DE9 /* UnitTestDemoTests */ = {
			isa = PBXNativeTarget;
			buildConfigurationList = F0C51E3F1E938B4A00922DE9 /* Build configuration list for PBXNativeTarget "UnitTestDemoTests" */;
			buildPhases = (
				F0C51E2F1E938B4A00922DE9 /* Sources */,
				F0C51E301E938B4A00922DE9 /* Frameworks */,
				F0C51E311E938B4A00922DE9 /* Resources */,
			);
			buildRules = (
			);
			dependencies = (
				F0C51E351E938B4A00922DE9 /* PBXTargetDependency */,
			);
			name = UnitTestDemoTests;
			productName = UnitTestDemoTests;
			productReference = F0C51E331E938B4A00922DE9 /* UnitTestDemoTests.xctest */;
			productType = "com.apple.product-type.bundle.unit-test";
		};
/* End PBXNativeTarget section */

/* Begin PBXProject section */
		F0C51E171E938B4900922DE9 /* Project object */ = {
			isa = PBXProject;
			attributes = {
				LastSwiftUpdateCheck = 0820;
				LastUpgradeCheck = 0820;
				ORGANIZATIONNAME = "Jony Singla";
				TargetAttributes = {
					F0C51E1E1E938B4900922DE9 = {
						CreatedOnToolsVersion = 8.2.1;
						ProvisioningStyle = Automatic;
					};
					F0C51E321E938B4A00922DE9 = {
						CreatedOnToolsVersion = 8.2.1;
						ProvisioningStyle = Automatic;
						TestTargetID = F0C51E1E1E938B4900922DE9;
					};
				};
			};
			buildConfigurationList = F0C51E1A1E938B4900922DE9 /* Build configuration list for PBXProject "UnitTestDemo" */;
			compatibilityVersion = "Xcode 3.2";
			developmentRegion = English;
			hasScannedForEncodings = 0;
			knownRegions = (
				en,
				Base,
			);
			mainGroup = F0C51E161E938B4900922DE9;
			productRefGroup = F0C51E201E938B4A00922DE9 /* Products */;
			projectDirPath = "";
			projectRoot = "";
			targets = (
				F0C51E1E1E938B4900922DE9 /* UnitTestDemo */,
				F0C51E321E938B4A00922DE9 /* UnitTestDemoTests */,
			);
		};
/* End PBXProject section */

/* Begin PBXResourcesBuildPhase section */
		F0C51E1D1E938B4900922DE9 /* Resources */ = {
			isa = PBXResourcesBuildPhase;
			buildActionMask = 2147483647;
			files = (
				F0C51E2D1E938B4A00922DE9 /* LaunchScreen.storyboard in Resources */,
				F0C51E2A1E938B4A00922DE9 /* Assets.xcassets in Resources */,
				F0C51E281E938B4A00922DE9 /* Main.storyboard in Resources */,
			);
			runOnlyForDeploymentPostprocessing = 0;
		};
		F0C51E311E938B4A00922DE9 /* Resources */ = {
			isa = PBXResourcesBuildPhase;
			buildActionMask = 2147483647;
			files = (
			);
			runOnlyForDeploymentPostprocessing = 0;
		};
/* End PBXResourcesBuildPhase section */

/* Begin PBXSourcesBuildPhase section */
		F0C51E1B1E938B4900922DE9 /* Sources */ = {
			isa = PBXSourcesBuildPhase;
			buildActionMask = 2147483647;
			files = (
				F0C51E251E938B4A00922DE9 /* ViewController.swift in Sources */,
				F0C51E231E938B4A00922DE9 /* AppDelegate.swift in Sources */,
			);
			runOnlyForDeploymentPostprocessing = 0;
		};
		F0C51E2F1E938B4A00922DE9 /* Sources */ = {
			isa = PBXSourcesBuildPhase;
			buildActionMask = 2147483647;
			files = (
				F0C51E381E938B4A00922DE9 /* UnitTestDemoTests.swift in Sources */,
			);
			runOnlyForDeploymentPostprocessing = 0;
		};
/* End PBXSourcesBuildPhase section */

/* Begin PBXTargetDependency section */
		F0C51E351E938B4A00922DE9 /* PBXTargetDependency */ = {
			isa = PBXTargetDependency;
			target = F0C51E1E1E938B4900922DE9 /* UnitTestDemo */;
			targetProxy = F0C51E341E938B4A00922DE9 /* PBXContainerItemProxy */;
		};
/* End PBXTargetDependency section */

/* Begin PBXVariantGroup section */
		F0C51E261E938B4A00922DE9 /* Main.storyboard */ = {
			isa = PBXVariantGroup;
			children = (
				F0C51E271E938B4A00922DE9 /* Base */,
			);
			name = Main.storyboard;
			sourceTree = "<group>";
		};
		F0C51E2B1E938B4A00922DE9 /* LaunchScreen.storyboard */ = {
			isa = PBXVariantGroup;
			children = (
				F0C51E2C1E938B4A00922DE9 /* Base */,
			);
			name = LaunchScreen.storyboard;
			sourceTree = "<group>";
		};
/* End PBXVariantGroup section */

/* Begin XCBuildConfiguration section */
		F0C51E3A1E938B4A00922DE9 /* Debug */ = {
			isa = XCBuildConfiguration;
			buildSettings = {
				ALWAYS_SEARCH_USER_PATHS = NO;
				CLANG_ANALYZER_NONNULL = YES;
				CLANG_CXX_LANGUAGE_STANDARD = "gnu++0x";
				CLANG_CXX_LIBRARY = "libc++";
				CLANG_ENABLE_MODULES = YES;
				CLANG_ENABLE_OBJC_ARC = YES;
				CLANG_WARN_BOOL_CONVERSION = YES;
				CLANG_WARN_CONSTANT_CONVERSION = YES;
				CLANG_WARN_DIRECT_OBJC_ISA_USAGE = YES_ERROR;
				CLANG_WARN_DOCUMENTATION_COMMENTS = YES;
				CLANG_WARN_EMPTY_BODY = YES;
				CLANG_WARN_ENUM_CONVERSION = YES;
				CLANG_WARN_INFINITE_RECURSION = YES;
				CLANG_WARN_INT_CONVERSION = YES;
				CLANG_WARN_OBJC_ROOT_CLASS = YES_ERROR;
				CLANG_WARN_SUSPICIOUS_MOVE = YES;
				CLANG_WARN_UNREACHABLE_CODE = YES;
				CLANG_WARN__DUPLICATE_METHOD_MATCH = YES;
				"CODE_SIGN_IDENTITY[sdk=iphoneos*]" = "iPhone Developer";
				COPY_PHASE_STRIP = NO;
				DEBUG_INFORMATION_FORMAT = dwarf;
				ENABLE_STRICT_OBJC_MSGSEND = YES;
				ENABLE_TESTABILITY = YES;
				GCC_C_LANGUAGE_STANDARD = gnu99;
				GCC_DYNAMIC_NO_PIC = NO;
				GCC_NO_COMMON_BLOCKS = YES;
				GCC_OPTIMIZATION_LEVEL = 0;
				GCC_PREPROCESSOR_DEFINITIONS = (
					"DEBUG=1",
					"$(inherited)",
				);
				GCC_WARN_64_TO_32_BIT_CONVERSION = YES;
				GCC_WARN_ABOUT_RETURN_TYPE = YES_ERROR;
				GCC_WARN_UNDECLARED_SELECTOR = YES;
				GCC_WARN_UNINITIALIZED_AUTOS = YES_AGGRESSIVE;
				GCC_WARN_UNUSED_FUNCTION = YES;
				GCC_WARN_UNUSED_VARIABLE = YES;
				IPHONEOS_DEPLOYMENT_TARGET = 10.2;
				MTL_ENABLE_DEBUG_INFO = YES;
				ONLY_ACTIVE_ARCH = YES;
				SDKROOT = iphoneos;
				SWIFT_ACTIVE_COMPILATION_CONDITIONS = DEBUG;
				SWIFT_OPTIMIZATION_LEVEL = "-Onone";
				TARGETED_DEVICE_FAMILY = "1,2";
			};
			name = Debug;
		};
		F0C51E3B1E938B4A00922DE9 /* Release */ = {
			isa = XCBuildConfiguration;
			buildSettings = {
				ALWAYS_SEARCH_USER_PATHS = NO;
				CLANG_ANALYZER_NONNULL = YES;
				CLANG_CXX_LANGUAGE_STANDARD = "gnu++0x";
				CLANG_CXX_LIBRARY = "libc++";
				CLANG_ENABLE_MODULES = YES;
				CLANG_ENABLE_OBJC_ARC = YES;
				CLANG_WARN_BOOL_CONVERSION = YES;
				CLANG_WARN_CONSTANT_CONVERSION = YES;
				CLANG_WARN_DIRECT_OBJC_ISA_USAGE = YES_ERROR;
				CLANG_WARN_DOCUMENTATION_COMMENTS = YES;
				CLANG_WARN_EMPTY_BODY = YES;
				CLANG_WARN_ENUM_CONVERSION = YES;
				CLANG_WARN_INFINITE_RECURSION = YES;
				CLANG_WARN_INT_CONVERSION = YES;
				CLANG_WARN_OBJC_ROOT_CLASS = YES_ERROR;
				CLANG_WARN_SUSPICIOUS_MOVE = YES;
				CLANG_WARN_UNREACHABLE_CODE = YES;
				CLANG_WARN__DUPLICATE_METHOD_MATCH = YES;
				"CODE_SIGN_IDENTITY[sdk=iphoneos*]" = "iPhone Developer";
				COPY_PHASE_STRIP = NO;
				DEBUG_INFORMATION_FORMAT = "dwarf-with-dsym";
				ENABLE_NS_ASSERTIONS = NO;
				ENABLE_STRICT_OBJC_MSGSEND = YES;
				GCC_C_LANGUAGE_STANDARD = gnu99;
				GCC_NO_COMMON_BLOCKS = YES;
				GCC_WARN_64_TO_32_BIT_CONVERSION = YES;
				GCC_WARN_ABOUT_RETURN_TYPE = YES_ERROR;
				GCC_WARN_UNDECLARED_SELECTOR = YES;
				GCC_WARN_UNINITIALIZED_AUTOS = YES_AGGRESSIVE;
				GCC_WARN_UNUSED_FUNCTION = YES;
				GCC_WARN_UNUSED_VARIABLE = YES;
				IPHONEOS_DEPLOYMENT_TARGET = 10.2;
				MTL_ENABLE_DEBUG_INFO = NO;
				SDKROOT = iphoneos;
				SWIFT_OPTIMIZATION_LEVEL = "-Owholemodule";
				TARGETED_DEVICE_FAMILY = "1,2";
				VALIDATE_PRODUCT = YES;
			};
			name = Release;
		};
		F0C51E3D1E938B4A00922DE9 /* Debug */ = {
			isa = XCBuildConfiguration;
			buildSettings = {
				ASSETCATALOG_COMPILER_APPICON_NAME = AppIcon;
				INFOPLIST_FILE = UnitTestDemo/Info.plist;
				LD_RUNPATH_SEARCH_PATHS = "$(inherited) @executable_path/Frameworks";
				PRODUCT_BUNDLE_IDENTIFIER = yourvoice.UnitTestDemo;
				PRODUCT_NAME = "$(TARGET_NAME)";
				SWIFT_VERSION = 3.0;
			};
			name = Debug;
		};
		F0C51E3E1E938B4A00922DE9 /* Release */ = {
			isa = XCBuildConfiguration;
			buildSettings = {
				ASSETCATALOG_COMPILER_APPICON_NAME = AppIcon;
				INFOPLIST_FILE = UnitTestDemo/Info.plist;
				LD_RUNPATH_SEARCH_PATHS = "$(inherited) @executable_path/Frameworks";
				PRODUCT_BUNDLE_IDENTIFIER = yourvoice.UnitTestDemo;
				PRODUCT_NAME = "$(TARGET_NAME)";
				SWIFT_VERSION = 3.0;
			};
			name = Release;
		};
		F0C51E401E938B4A00922DE9 /* Debug */ = {
			isa = XCBuildConfiguration;
			buildSettings = {
				ALWAYS_EMBED_SWIFT_STANDARD_LIBRARIES = YES;
				BUNDLE_LOADER = "$(TEST_HOST)";
				INFOPLIST_FILE = UnitTestDemoTests/Info.plist;
				LD_RUNPATH_SEARCH_PATHS = "$(inherited) @executable_path/Frameworks @loader_path/Frameworks";
				PRODUCT_BUNDLE_IDENTIFIER = yourvoice.UnitTestDemoTests;
				PRODUCT_NAME = "$(TARGET_NAME)";
				SWIFT_VERSION = 3.0;
				TEST_HOST = "$(BUILT_PRODUCTS_DIR)/UnitTestDemo.app/UnitTestDemo";
			};
			name = Debug;
		};
		F0C51E411E938B4A00922DE9 /* Release */ = {
			isa = XCBuildConfiguration;
			buildSettings = {
				ALWAYS_EMBED_SWIFT_STANDARD_LIBRARIES = YES;
				BUNDLE_LOADER = "$(TEST_HOST)";
				INFOPLIST_FILE = UnitTestDemoTests/Info.plist;
				LD_RUNPATH_SEARCH_PATHS = "$(inherited) @executable_path/Frameworks @loader_path/Frameworks";
				PRODUCT_BUNDLE_IDENTIFIER = yourvoice.UnitTestDemoTests;
				PRODUCT_NAME = "$(TARGET_NAME)";
				SWIFT_VERSION = 3.0;
				TEST_HOST = "$(BUILT_PRODUCTS_DIR)/UnitTestDemo.app/UnitTestDemo";
			};
			name = Release;
		};
/* End XCBuildConfiguration section */

/* Begin XCConfigurationList section */
		F0C51E1A1E938B4900922DE9 /* Build configuration list for PBXProject "UnitTestDemo" */ = {
			isa = XCConfigurationList;
			buildConfigurations = (
				F0C51E3A1E938B4A00922DE9 /* Debug */,
				F0C51E3B1E938B4A00922DE9 /* Release */,
			);
			defaultConfigurationIsVisible = 0;
			defaultConfigurationName = Release;
		};
		F0C51E3C1E938B4A00922DE9 /* Build configuration list for PBXNativeTarget "UnitTestDemo" */ = {
			isa = XCConfigurationList;
			buildConfigurations = (
				F0C51E3D1E938B4A00922DE9 /* Debug */,
				F0C51E3E1E938B4A00922DE9 /* Release */,
			);
			defaultConfigurationIsVisible = 0;
		};
		F0C51E3F1E938B4A00922DE9 /* Build configuration list for PBXNativeTarget "UnitTestDemoTests" */ = {
			isa = XCConfigurationList;
			buildConfigurations = (
				F0C51E401E938B4A00922DE9 /* Debug */,
				F0C51E411E938B4A00922DE9 /* Release */,
			);
			defaultConfigurationIsVisible = 0;
		};
/* End XCConfigurationList section */
	};
	rootObject = F0C51E171E938B4900922DE9 /* Project object */;
}
